// !$*UTF8*$!
{
	archiveVersion = 1;
	classes = {
	};
	objectVersion = 55;
	objects = {

/* Begin PBXBuildFile section */
		0619307C2839D9DC000DA048 /* Color.swift in Sources */ = {isa = PBXBuildFile; fileRef = 0619307B2839D9DC000DA048 /* Color.swift */; };
		0619307E2839E0A9000DA048 /* Assets.xcassets in Resources */ = {isa = PBXBuildFile; fileRef = 0619307D2839E0A9000DA048 /* Assets.xcassets */; };
		06193085283A1135000DA048 /* HomeView.swift in Sources */ = {isa = PBXBuildFile; fileRef = 06193084283A1135000DA048 /* HomeView.swift */; };
		06193089283A13E3000DA048 /* CircleButtonView.swift in Sources */ = {isa = PBXBuildFile; fileRef = 06193088283A13E3000DA048 /* CircleButtonView.swift */; };
		0619308D283A3638000DA048 /* CircleButtonAnimationView.swift in Sources */ = {isa = PBXBuildFile; fileRef = 0619308C283A3638000DA048 /* CircleButtonAnimationView.swift */; };
		0620FD27284B9F3D001FDDD6 /* PreviewProvider.swift in Sources */ = {isa = PBXBuildFile; fileRef = 0620FD26284B9F3D001FDDD6 /* PreviewProvider.swift */; };
		0620FD29284BA861001FDDD6 /* CoinRowView.swift in Sources */ = {isa = PBXBuildFile; fileRef = 0620FD28284BA861001FDDD6 /* CoinRowView.swift */; };
		0620FD2B284C5590001FDDD6 /* Double.swift in Sources */ = {isa = PBXBuildFile; fileRef = 0620FD2A284C5590001FDDD6 /* Double.swift */; };
		0662340C2879C23300A53004 /* File.swift in Sources */ = {isa = PBXBuildFile; fileRef = 0662340B2879C23300A53004 /* File.swift */; };
		06723B172845BC1C002ED8D1 /* CoinModel.swift in Sources */ = {isa = PBXBuildFile; fileRef = 06723B162845BC1C002ED8D1 /* CoinModel.swift */; };
		06941E6E2868021600FA5A29 /* HomeViewModel.swift in Sources */ = {isa = PBXBuildFile; fileRef = 06941E6D2868021600FA5A29 /* HomeViewModel.swift */; };
		06E1A81B28715197002CD5B6 /* CoinDataService.swift in Sources */ = {isa = PBXBuildFile; fileRef = 06E1A81A28715197002CD5B6 /* CoinDataService.swift */; };
		06F6460D2838DD3700425A78 /* CryptoBigApp.swift in Sources */ = {isa = PBXBuildFile; fileRef = 06F6460C2838DD3700425A78 /* CryptoBigApp.swift */; };
		06F6460F2838DD3700425A78 /* ContentView.swift in Sources */ = {isa = PBXBuildFile; fileRef = 06F6460E2838DD3700425A78 /* ContentView.swift */; };
		06F646142838DD3C00425A78 /* Preview Assets.xcassets in Resources */ = {isa = PBXBuildFile; fileRef = 06F646132838DD3C00425A78 /* Preview Assets.xcassets */; };
/* End PBXBuildFile section */

/* Begin PBXFileReference section */
		0619307B2839D9DC000DA048 /* Color.swift */ = {isa = PBXFileReference; lastKnownFileType = sourcecode.swift; path = Color.swift; sourceTree = "<group>"; };
		0619307D2839E0A9000DA048 /* Assets.xcassets */ = {isa = PBXFileReference; lastKnownFileType = folder.assetcatalog; path = Assets.xcassets; sourceTree = "<group>"; };
		06193084283A1135000DA048 /* HomeView.swift */ = {isa = PBXFileReference; lastKnownFileType = sourcecode.swift; path = HomeView.swift; sourceTree = "<group>"; };
		06193088283A13E3000DA048 /* CircleButtonView.swift */ = {isa = PBXFileReference; lastKnownFileType = sourcecode.swift; path = CircleButtonView.swift; sourceTree = "<group>"; };
		0619308C283A3638000DA048 /* CircleButtonAnimationView.swift */ = {isa = PBXFileReference; lastKnownFileType = sourcecode.swift; path = CircleButtonAnimationView.swift; sourceTree = "<group>"; };
		0620FD26284B9F3D001FDDD6 /* PreviewProvider.swift */ = {isa = PBXFileReference; lastKnownFileType = sourcecode.swift; path = PreviewProvider.swift; sourceTree = "<group>"; };
		0620FD28284BA861001FDDD6 /* CoinRowView.swift */ = {isa = PBXFileReference; lastKnownFileType = sourcecode.swift; path = CoinRowView.swift; sourceTree = "<group>"; };
		0620FD2A284C5590001FDDD6 /* Double.swift */ = {isa = PBXFileReference; lastKnownFileType = sourcecode.swift; path = Double.swift; sourceTree = "<group>"; };
		0662340B2879C23300A53004 /* File.swift */ = {isa = PBXFileReference; lastKnownFileType = sourcecode.swift; path = File.swift; sourceTree = "<group>"; };
		06723B162845BC1C002ED8D1 /* CoinModel.swift */ = {isa = PBXFileReference; lastKnownFileType = sourcecode.swift; path = CoinModel.swift; sourceTree = "<group>"; };
		06941E6D2868021600FA5A29 /* HomeViewModel.swift */ = {isa = PBXFileReference; lastKnownFileType = sourcecode.swift; path = HomeViewModel.swift; sourceTree = "<group>"; };
		06E1A81A28715197002CD5B6 /* CoinDataService.swift */ = {isa = PBXFileReference; lastKnownFileType = sourcecode.swift; path = CoinDataService.swift; sourceTree = "<group>"; };
		06F646092838DD3700425A78 /* CryptoBig.app */ = {isa = PBXFileReference; explicitFileType = wrapper.application; includeInIndex = 0; path = CryptoBig.app; sourceTree = BUILT_PRODUCTS_DIR; };
		06F6460C2838DD3700425A78 /* CryptoBigApp.swift */ = {isa = PBXFileReference; lastKnownFileType = sourcecode.swift; path = CryptoBigApp.swift; sourceTree = "<group>"; };
		06F6460E2838DD3700425A78 /* ContentView.swift */ = {isa = PBXFileReference; lastKnownFileType = sourcecode.swift; path = ContentView.swift; sourceTree = "<group>"; };
		06F646132838DD3C00425A78 /* Preview Assets.xcassets */ = {isa = PBXFileReference; lastKnownFileType = folder.assetcatalog; path = "Preview Assets.xcassets"; sourceTree = "<group>"; };
/* End PBXFileReference section */

/* Begin PBXFrameworksBuildPhase section */
		06F646062838DD3700425A78 /* Frameworks */ = {
			isa = PBXFrameworksBuildPhase;
			buildActionMask = 2147483647;
			files = (
			);
			runOnlyForDeploymentPostprocessing = 0;
		};
/* End PBXFrameworksBuildPhase section */

/* Begin PBXGroup section */
		0619307A2839D9A6000DA048 /* Extensions */ = {
			isa = PBXGroup;
			children = (
				0619307B2839D9DC000DA048 /* Color.swift */,
				0620FD26284B9F3D001FDDD6 /* PreviewProvider.swift */,
				0620FD2A284C5590001FDDD6 /* Double.swift */,
			);
			path = Extensions;
			sourceTree = "<group>";
		};
		06193080283A1075000DA048 /* Core */ = {
			isa = PBXGroup;
			children = (
				06193086283A13A6000DA048 /* Components */,
				06193081283A1082000DA048 /* Home */,
			);
			path = Core;
			sourceTree = "<group>";
		};
		06193081283A1082000DA048 /* Home */ = {
			isa = PBXGroup;
			children = (
				06193082283A1093000DA048 /* ViewModels */,
				06193083283A10A3000DA048 /* Views */,
			);
			path = Home;
			sourceTree = "<group>";
		};
		06193082283A1093000DA048 /* ViewModels */ = {
			isa = PBXGroup;
			children = (
				06941E6D2868021600FA5A29 /* HomeViewModel.swift */,
			);
			path = ViewModels;
			sourceTree = "<group>";
		};
		06193083283A10A3000DA048 /* Views */ = {
			isa = PBXGroup;
			children = (
				06193084283A1135000DA048 /* HomeView.swift */,
				0620FD28284BA861001FDDD6 /* CoinRowView.swift */,
			);
			path = Views;
			sourceTree = "<group>";
		};
		06193086283A13A6000DA048 /* Components */ = {
			isa = PBXGroup;
			children = (
				06193087283A13B4000DA048 /* CircleButton */,
			);
			path = Components;
			sourceTree = "<group>";
		};
		06193087283A13B4000DA048 /* CircleButton */ = {
			isa = PBXGroup;
			children = (
				06193088283A13E3000DA048 /* CircleButtonView.swift */,
				0619308C283A3638000DA048 /* CircleButtonAnimationView.swift */,
			);
			path = CircleButton;
			sourceTree = "<group>";
		};
		0662340A2879C21B00A53004 /* Utilities */ = {
			isa = PBXGroup;
			children = (
				0662340B2879C23300A53004 /* File.swift */,
			);
			path = Utilities;
			sourceTree = "<group>";
		};
		06723B152845BC04002ED8D1 /* Models */ = {
			isa = PBXGroup;
			children = (
				06723B162845BC1C002ED8D1 /* CoinModel.swift */,
			);
			path = Models;
			sourceTree = "<group>";
		};
		06E1A81928715175002CD5B6 /* Services */ = {
			isa = PBXGroup;
			children = (
				06E1A81A28715197002CD5B6 /* CoinDataService.swift */,
			);
			path = Services;
			sourceTree = "<group>";
		};
		06F646002838DD3700425A78 = {
			isa = PBXGroup;
			children = (
				06F6460B2838DD3700425A78 /* CryptoBig */,
				06F6460A2838DD3700425A78 /* Products */,
			);
			sourceTree = "<group>";
		};
		06F6460A2838DD3700425A78 /* Products */ = {
			isa = PBXGroup;
			children = (
				06F646092838DD3700425A78 /* CryptoBig.app */,
			);
			name = Products;
			sourceTree = "<group>";
		};
		06F6460B2838DD3700425A78 /* CryptoBig */ = {
			isa = PBXGroup;
			children = (
				0662340A2879C21B00A53004 /* Utilities */,
				06E1A81928715175002CD5B6 /* Services */,
				0619307A2839D9A6000DA048 /* Extensions */,
				06723B152845BC04002ED8D1 /* Models */,
				06193080283A1075000DA048 /* Core */,
				06F6460C2838DD3700425A78 /* CryptoBigApp.swift */,
				06F6460E2838DD3700425A78 /* ContentView.swift */,
				0619307D2839E0A9000DA048 /* Assets.xcassets */,
				06F646122838DD3C00425A78 /* Preview Content */,
			);
			path = CryptoBig;
			sourceTree = "<group>";
		};
		06F646122838DD3C00425A78 /* Preview Content */ = {
			isa = PBXGroup;
			children = (
				06F646132838DD3C00425A78 /* Preview Assets.xcassets */,
			);
			path = "Preview Content";
			sourceTree = "<group>";
		};
/* End PBXGroup section */

/* Begin PBXNativeTarget section */
		06F646082838DD3700425A78 /* CryptoBig */ = {
			isa = PBXNativeTarget;
			buildConfigurationList = 06F646172838DD3C00425A78 /* Build configuration list for PBXNativeTarget "CryptoBig" */;
			buildPhases = (
				06F646052838DD3700425A78 /* Sources */,
				06F646062838DD3700425A78 /* Frameworks */,
				06F646072838DD3700425A78 /* Resources */,
			);
			buildRules = (
			);
			dependencies = (
			);
			name = CryptoBig;
			productName = CryptoBig;
			productReference = 06F646092838DD3700425A78 /* CryptoBig.app */;
			productType = "com.apple.product-type.application";
		};
/* End PBXNativeTarget section */

/* Begin PBXProject section */
		06F646012838DD3700425A78 /* Project object */ = {
			isa = PBXProject;
			attributes = {
				BuildIndependentTargetsInParallel = 1;
				LastSwiftUpdateCheck = 1340;
				LastUpgradeCheck = 1340;
				TargetAttributes = {
					06F646082838DD3700425A78 = {
						CreatedOnToolsVersion = 13.4;
					};
				};
			};
			buildConfigurationList = 06F646042838DD3700425A78 /* Build configuration list for PBXProject "CryptoBig" */;
			compatibilityVersion = "Xcode 13.0";
			developmentRegion = en;
			hasScannedForEncodings = 0;
			knownRegions = (
				en,
				Base,
			);
			mainGroup = 06F646002838DD3700425A78;
			productRefGroup = 06F6460A2838DD3700425A78 /* Products */;
			projectDirPath = "";
			projectRoot = "";
			targets = (
				06F646082838DD3700425A78 /* CryptoBig */,
			);
		};
/* End PBXProject section */

/* Begin PBXResourcesBuildPhase section */
		06F646072838DD3700425A78 /* Resources */ = {
			isa = PBXResourcesBuildPhase;
			buildActionMask = 2147483647;
			files = (
				0619307E2839E0A9000DA048 /* Assets.xcassets in Resources */,
				06F646142838DD3C00425A78 /* Preview Assets.xcassets in Resources */,
			);
			runOnlyForDeploymentPostprocessing = 0;
		};
/* End PBXResourcesBuildPhase section */

/* Begin PBXSourcesBuildPhase section */
		06F646052838DD3700425A78 /* Sources */ = {
			isa = PBXSourcesBuildPhase;
			buildActionMask = 2147483647;
			files = (
				06E1A81B28715197002CD5B6 /* CoinDataService.swift in Sources */,
				0620FD29284BA861001FDDD6 /* CoinRowView.swift in Sources */,
				06941E6E2868021600FA5A29 /* HomeViewModel.swift in Sources */,
				06F6460F2838DD3700425A78 /* ContentView.swift in Sources */,
				06193085283A1135000DA048 /* HomeView.swift in Sources */,
				06F6460D2838DD3700425A78 /* CryptoBigApp.swift in Sources */,
				06193089283A13E3000DA048 /* CircleButtonView.swift in Sources */,
				0619307C2839D9DC000DA048 /* Color.swift in Sources */,
				0620FD27284B9F3D001FDDD6 /* PreviewProvider.swift in Sources */,
				0619308D283A3638000DA048 /* CircleButtonAnimationView.swift in Sources */,
				0662340C2879C23300A53004 /* File.swift in Sources */,
				0620FD2B284C5590001FDDD6 /* Double.swift in Sources */,
				06723B172845BC1C002ED8D1 /* CoinModel.swift in Sources */,
			);
			runOnlyForDeploymentPostprocessing = 0;
		};
/* End PBXSourcesBuildPhase section */

/* Begin XCBuildConfiguration section */
		06F646152838DD3C00425A78 /* Debug */ = {
			isa = XCBuildConfiguration;
			buildSettings = {
				ALWAYS_SEARCH_USER_PATHS = NO;
				CLANG_ANALYZER_NONNULL = YES;
				CLANG_ANALYZER_NUMBER_OBJECT_CONVERSION = YES_AGGRESSIVE;
				CLANG_CXX_LANGUAGE_STANDARD = "gnu++17";
				CLANG_ENABLE_MODULES = YES;
				CLANG_ENABLE_OBJC_ARC = YES;
				CLANG_ENABLE_OBJC_WEAK = YES;
				CLANG_WARN_BLOCK_CAPTURE_AUTORELEASING = YES;
				CLANG_WARN_BOOL_CONVERSION = YES;
				CLANG_WARN_COMMA = YES;
				CLANG_WARN_CONSTANT_CONVERSION = YES;
				CLANG_WARN_DEPRECATED_OBJC_IMPLEMENTATIONS = YES;
				CLANG_WARN_DIRECT_OBJC_ISA_USAGE = YES_ERROR;
				CLANG_WARN_DOCUMENTATION_COMMENTS = YES;
				CLANG_WARN_EMPTY_BODY = YES;
				CLANG_WARN_ENUM_CONVERSION = YES;
				CLANG_WARN_INFINITE_RECURSION = YES;
				CLANG_WARN_INT_CONVERSION = YES;
				CLANG_WARN_NON_LITERAL_NULL_CONVERSION = YES;
				CLANG_WARN_OBJC_IMPLICIT_RETAIN_SELF = YES;
				CLANG_WARN_OBJC_LITERAL_CONVERSION = YES;
				CLANG_WARN_OBJC_ROOT_CLASS = YES_ERROR;
				CLANG_WARN_QUOTED_INCLUDE_IN_FRAMEWORK_HEADER = YES;
				CLANG_WARN_RANGE_LOOP_ANALYSIS = YES;
				CLANG_WARN_STRICT_PROTOTYPES = YES;
				CLANG_WARN_SUSPICIOUS_MOVE = YES;
				CLANG_WARN_UNGUARDED_AVAILABILITY = YES_AGGRESSIVE;
				CLANG_WARN_UNREACHABLE_CODE = YES;
				CLANG_WARN__DUPLICATE_METHOD_MATCH = YES;
				COPY_PHASE_STRIP = NO;
				DEBUG_INFORMATION_FORMAT = dwarf;
				ENABLE_STRICT_OBJC_MSGSEND = YES;
				ENABLE_TESTABILITY = YES;
				GCC_C_LANGUAGE_STANDARD = gnu11;
				GCC_DYNAMIC_NO_PIC = NO;
				GCC_NO_COMMON_BLOCKS = YES;
				GCC_OPTIMIZATION_LEVEL = 0;
				GCC_PREPROCESSOR_DEFINITIONS = (
					"DEBUG=1",
					"$(inherited)",
				);
				GCC_WARN_64_TO_32_BIT_CONVERSION = YES;
				GCC_WARN_ABOUT_RETURN_TYPE = YES_ERROR;
				GCC_WARN_UNDECLARED_SELECTOR = YES;
				GCC_WARN_UNINITIALIZED_AUTOS = YES_AGGRESSIVE;
				GCC_WARN_UNUSED_FUNCTION = YES;
				GCC_WARN_UNUSED_VARIABLE = YES;
				IPHONEOS_DEPLOYMENT_TARGET = 15.5;
				MTL_ENABLE_DEBUG_INFO = INCLUDE_SOURCE;
				MTL_FAST_MATH = YES;
				ONLY_ACTIVE_ARCH = YES;
				SDKROOT = iphoneos;
				SWIFT_ACTIVE_COMPILATION_CONDITIONS = DEBUG;
				SWIFT_OPTIMIZATION_LEVEL = "-Onone";
			};
			name = Debug;
		};
		06F646162838DD3C00425A78 /* Release */ = {
			isa = XCBuildConfiguration;
			buildSettings = {
				ALWAYS_SEARCH_USER_PATHS = NO;
				CLANG_ANALYZER_NONNULL = YES;
				CLANG_ANALYZER_NUMBER_OBJECT_CONVERSION = YES_AGGRESSIVE;
				CLANG_CXX_LANGUAGE_STANDARD = "gnu++17";
				CLANG_ENABLE_MODULES = YES;
				CLANG_ENABLE_OBJC_ARC = YES;
				CLANG_ENABLE_OBJC_WEAK = YES;
				CLANG_WARN_BLOCK_CAPTURE_AUTORELEASING = YES;
				CLANG_WARN_BOOL_CONVERSION = YES;
				CLANG_WARN_COMMA = YES;
				CLANG_WARN_CONSTANT_CONVERSION = YES;
				CLANG_WARN_DEPRECATED_OBJC_IMPLEMENTATIONS = YES;
				CLANG_WARN_DIRECT_OBJC_ISA_USAGE = YES_ERROR;
				CLANG_WARN_DOCUMENTATION_COMMENTS = YES;
				CLANG_WARN_EMPTY_BODY = YES;
				CLANG_WARN_ENUM_CONVERSION = YES;
				CLANG_WARN_INFINITE_RECURSION = YES;
				CLANG_WARN_INT_CONVERSION = YES;
				CLANG_WARN_NON_LITERAL_NULL_CONVERSION = YES;
				CLANG_WARN_OBJC_IMPLICIT_RETAIN_SELF = YES;
				CLANG_WARN_OBJC_LITERAL_CONVERSION = YES;
				CLANG_WARN_OBJC_ROOT_CLASS = YES_ERROR;
				CLANG_WARN_QUOTED_INCLUDE_IN_FRAMEWORK_HEADER = YES;
				CLANG_WARN_RANGE_LOOP_ANALYSIS = YES;
				CLANG_WARN_STRICT_PROTOTYPES = YES;
				CLANG_WARN_SUSPICIOUS_MOVE = YES;
				CLANG_WARN_UNGUARDED_AVAILABILITY = YES_AGGRESSIVE;
				CLANG_WARN_UNREACHABLE_CODE = YES;
				CLANG_WARN__DUPLICATE_METHOD_MATCH = YES;
				COPY_PHASE_STRIP = NO;
				DEBUG_INFORMATION_FORMAT = "dwarf-with-dsym";
				ENABLE_NS_ASSERTIONS = NO;
				ENABLE_STRICT_OBJC_MSGSEND = YES;
				GCC_C_LANGUAGE_STANDARD = gnu11;
				GCC_NO_COMMON_BLOCKS = YES;
				GCC_WARN_64_TO_32_BIT_CONVERSION = YES;
				GCC_WARN_ABOUT_RETURN_TYPE = YES_ERROR;
				GCC_WARN_UNDECLARED_SELECTOR = YES;
				GCC_WARN_UNINITIALIZED_AUTOS = YES_AGGRESSIVE;
				GCC_WARN_UNUSED_FUNCTION = YES;
				GCC_WARN_UNUSED_VARIABLE = YES;
				IPHONEOS_DEPLOYMENT_TARGET = 15.5;
				MTL_ENABLE_DEBUG_INFO = NO;
				MTL_FAST_MATH = YES;
				SDKROOT = iphoneos;
				SWIFT_COMPILATION_MODE = wholemodule;
				SWIFT_OPTIMIZATION_LEVEL = "-O";
				VALIDATE_PRODUCT = YES;
			};
			name = Release;
		};
		06F646182838DD3C00425A78 /* Debug */ = {
			isa = XCBuildConfiguration;
			buildSettings = {
				ASSETCATALOG_COMPILER_APPICON_NAME = AppIcon;
				ASSETCATALOG_COMPILER_GLOBAL_ACCENT_COLOR_NAME = AccentColor;
				CODE_SIGN_STYLE = Automatic;
				CURRENT_PROJECT_VERSION = 1;
				DEVELOPMENT_ASSET_PATHS = "\"CryptoBig/Preview Content\"";
				DEVELOPMENT_TEAM = 84ZVHZY7F4;
				ENABLE_PREVIEWS = YES;
				GENERATE_INFOPLIST_FILE = YES;
				INFOPLIST_KEY_UIApplicationSceneManifest_Generation = YES;
				INFOPLIST_KEY_UIApplicationSupportsIndirectInputEvents = YES;
				INFOPLIST_KEY_UILaunchScreen_Generation = YES;
				INFOPLIST_KEY_UISupportedInterfaceOrientations_iPad = "UIInterfaceOrientationPortrait UIInterfaceOrientationPortraitUpsideDown UIInterfaceOrientationLandscapeLeft UIInterfaceOrientationLandscapeRight";
				INFOPLIST_KEY_UISupportedInterfaceOrientations_iPhone = "UIInterfaceOrientationPortrait UIInterfaceOrientationLandscapeLeft UIInterfaceOrientationLandscapeRight";
				LD_RUNPATH_SEARCH_PATHS = (
					"$(inherited)",
					"@executable_path/Frameworks",
				);
				MARKETING_VERSION = 1.0;
				PRODUCT_BUNDLE_IDENTIFIER = com.QuangBao.CryptoBig;
				PRODUCT_NAME = "$(TARGET_NAME)";
				SWIFT_EMIT_LOC_STRINGS = YES;
				SWIFT_VERSION = 5.0;
				TARGETED_DEVICE_FAMILY = "1,2";
			};
			name = Debug;
		};
		06F646192838DD3C00425A78 /* Release */ = {
			isa = XCBuildConfiguration;
			buildSettings = {
				ASSETCATALOG_COMPILER_APPICON_NAME = AppIcon;
				ASSETCATALOG_COMPILER_GLOBAL_ACCENT_COLOR_NAME = AccentColor;
				CODE_SIGN_STYLE = Automatic;
				CURRENT_PROJECT_VERSION = 1;
				DEVELOPMENT_ASSET_PATHS = "\"CryptoBig/Preview Content\"";
				DEVELOPMENT_TEAM = 84ZVHZY7F4;
				ENABLE_PREVIEWS = YES;
				GENERATE_INFOPLIST_FILE = YES;
				INFOPLIST_KEY_UIApplicationSceneManifest_Generation = YES;
				INFOPLIST_KEY_UIApplicationSupportsIndirectInputEvents = YES;
				INFOPLIST_KEY_UILaunchScreen_Generation = YES;
				INFOPLIST_KEY_UISupportedInterfaceOrientations_iPad = "UIInterfaceOrientationPortrait UIInterfaceOrientationPortraitUpsideDown UIInterfaceOrientationLandscapeLeft UIInterfaceOrientationLandscapeRight";
				INFOPLIST_KEY_UISupportedInterfaceOrientations_iPhone = "UIInterfaceOrientationPortrait UIInterfaceOrientationLandscapeLeft UIInterfaceOrientationLandscapeRight";
				LD_RUNPATH_SEARCH_PATHS = (
					"$(inherited)",
					"@executable_path/Frameworks",
				);
				MARKETING_VERSION = 1.0;
				PRODUCT_BUNDLE_IDENTIFIER = com.QuangBao.CryptoBig;
				PRODUCT_NAME = "$(TARGET_NAME)";
				SWIFT_EMIT_LOC_STRINGS = YES;
				SWIFT_VERSION = 5.0;
				TARGETED_DEVICE_FAMILY = "1,2";
			};
			name = Release;
		};
/* End XCBuildConfiguration section */

/* Begin XCConfigurationList section */
		06F646042838DD3700425A78 /* Build configuration list for PBXProject "CryptoBig" */ = {
			isa = XCConfigurationList;
			buildConfigurations = (
				06F646152838DD3C00425A78 /* Debug */,
				06F646162838DD3C00425A78 /* Release */,
			);
			defaultConfigurationIsVisible = 0;
			defaultConfigurationName = Release;
		};
		06F646172838DD3C00425A78 /* Build configuration list for PBXNativeTarget "CryptoBig" */ = {
			isa = XCConfigurationList;
			buildConfigurations = (
				06F646182838DD3C00425A78 /* Debug */,
				06F646192838DD3C00425A78 /* Release */,
			);
			defaultConfigurationIsVisible = 0;
			defaultConfigurationName = Release;
		};
/* End XCConfigurationList section */
	};
	rootObject = 06F646012838DD3700425A78 /* Project object */;
}
